
Microsoft Visual Studio Solution File, Format Version 12.00
# Visual Studio Version 17
VisualStudioVersion = 17.10.35027.167
MinimumVisualStudioVersion = 10.0.40219.1
Project("{FAE04EC0-301F-11D3-BF4B-00C04F79EFBC}") = "modul6_103022330051", "modul6_103022330051\modul6_103022330051.csproj", "{793F0211-8E32-4E4E-856D-F4F421B956F8}"
EndProject
Global
	GlobalSection(SolutionConfigurationPlatforms) = preSolution
		Debug|Any CPU = Debug|Any CPU
		Release|Any CPU = Release|Any CPU
	EndGlobalSection
	GlobalSection(ProjectConfigurationPlatforms) = postSolution
		{793F0211-8E32-4E4E-856D-F4F421B956F8}.Debug|Any CPU.ActiveCfg = Debug|Any CPU
		{793F0211-8E32-4E4E-856D-F4F421B956F8}.Debug|Any CPU.Build.0 = Debug|Any CPU
		{793F0211-8E32-4E4E-856D-F4F421B956F8}.Release|Any CPU.ActiveCfg = Release|Any CPU
		{793F0211-8E32-4E4E-856D-F4F421B956F8}.Release|Any CPU.Build.0 = Release|Any CPU
	EndGlobalSection
	GlobalSection(SolutionProperties) = preSolution
		HideSolutionNode = FALSE
	EndGlobalSection
	GlobalSection(ExtensibilityGlobals) = postSolution
		SolutionGuid = {BEDCD38B-E2A2-4F8D-B367-A79C92AE8ECD}
	EndGlobalSection
EndGlobal
